// !$*UTF8*$!
{
	archiveVersion = 1;
	classes = {
	};
	objectVersion = 46;
	objects = {

/* Begin PBXBuildFile section */
		F35F85151C745EC300CA8196 /* AppDelegate.swift in Sources */ = {isa = PBXBuildFile; fileRef = F35F85141C745EC300CA8196 /* AppDelegate.swift */; };
		F35F85171C745EC300CA8196 /* ViewController.swift in Sources */ = {isa = PBXBuildFile; fileRef = F35F85161C745EC300CA8196 /* ViewController.swift */; };
		F35F851A1C745EC300CA8196 /* Main.storyboard in Resources */ = {isa = PBXBuildFile; fileRef = F35F85181C745EC300CA8196 /* Main.storyboard */; };
		F35F851C1C745EC300CA8196 /* Assets.xcassets in Resources */ = {isa = PBXBuildFile; fileRef = F35F851B1C745EC300CA8196 /* Assets.xcassets */; };
		F35F851F1C745EC300CA8196 /* LaunchScreen.storyboard in Resources */ = {isa = PBXBuildFile; fileRef = F35F851D1C745EC300CA8196 /* LaunchScreen.storyboard */; };
		F35F852A1C745EC300CA8196 /* CalcTTests.swift in Sources */ = {isa = PBXBuildFile; fileRef = F35F85291C745EC300CA8196 /* CalcTTests.swift */; };
		F35F85351C745EC300CA8196 /* CalcTUITests.swift in Sources */ = {isa = PBXBuildFile; fileRef = F35F85341C745EC300CA8196 /* CalcTUITests.swift */; };
		F35F85431C745F2D00CA8196 /* CalculatorBrain.swift in Sources */ = {isa = PBXBuildFile; fileRef = F35F85421C745F2D00CA8196 /* CalculatorBrain.swift */; };
/* End PBXBuildFile section */

/* Begin PBXContainerItemProxy section */
		F35F85261C745EC300CA8196 /* PBXContainerItemProxy */ = {
			isa = PBXContainerItemProxy;
			containerPortal = F35F85091C745EC300CA8196 /* Project object */;
			proxyType = 1;
			remoteGlobalIDString = F35F85101C745EC300CA8196;
			remoteInfo = CalcT;
		};
		F35F85311C745EC300CA8196 /* PBXContainerItemProxy */ = {
			isa = PBXContainerItemProxy;
			containerPortal = F35F85091C745EC300CA8196 /* Project object */;
			proxyType = 1;
			remoteGlobalIDString = F35F85101C745EC300CA8196;
			remoteInfo = CalcT;
		};
/* End PBXContainerItemProxy section */

/* Begin PBXFileReference section */
		F35F85111C745EC300CA8196 /* CalcT.app */ = {isa = PBXFileReference; explicitFileType = wrapper.application; includeInIndex = 0; path = CalcT.app; sourceTree = BUILT_PRODUCTS_DIR; };
		F35F85141C745EC300CA8196 /* AppDelegate.swift */ = {isa = PBXFileReference; lastKnownFileType = sourcecode.swift; path = AppDelegate.swift; sourceTree = "<group>"; };
		F35F85161C745EC300CA8196 /* ViewController.swift */ = {isa = PBXFileReference; lastKnownFileType = sourcecode.swift; path = ViewController.swift; sourceTree = "<group>"; };
		F35F85191C745EC300CA8196 /* Base */ = {isa = PBXFileReference; lastKnownFileType = file.storyboard; name = Base; path = Base.lproj/Main.storyboard; sourceTree = "<group>"; };
		F35F851B1C745EC300CA8196 /* Assets.xcassets */ = {isa = PBXFileReference; lastKnownFileType = folder.assetcatalog; path = Assets.xcassets; sourceTree = "<group>"; };
		F35F851E1C745EC300CA8196 /* Base */ = {isa = PBXFileReference; lastKnownFileType = file.storyboard; name = Base; path = Base.lproj/LaunchScreen.storyboard; sourceTree = "<group>"; };
		F35F85201C745EC300CA8196 /* Info.plist */ = {isa = PBXFileReference; lastKnownFileType = text.plist.xml; path = Info.plist; sourceTree = "<group>"; };
		F35F85251C745EC300CA8196 /* CalcTTests.xctest */ = {isa = PBXFileReference; explicitFileType = wrapper.cfbundle; includeInIndex = 0; path = CalcTTests.xctest; sourceTree = BUILT_PRODUCTS_DIR; };
		F35F85291C745EC300CA8196 /* CalcTTests.swift */ = {isa = PBXFileReference; lastKnownFileType = sourcecode.swift; path = CalcTTests.swift; sourceTree = "<group>"; };
		F35F852B1C745EC300CA8196 /* Info.plist */ = {isa = PBXFileReference; lastKnownFileType = text.plist.xml; path = Info.plist; sourceTree = "<group>"; };
		F35F85301C745EC300CA8196 /* CalcTUITests.xctest */ = {isa = PBXFileReference; explicitFileType = wrapper.cfbundle; includeInIndex = 0; path = CalcTUITests.xctest; sourceTree = BUILT_PRODUCTS_DIR; };
		F35F85341C745EC300CA8196 /* CalcTUITests.swift */ = {isa = PBXFileReference; lastKnownFileType = sourcecode.swift; path = CalcTUITests.swift; sourceTree = "<group>"; };
		F35F85361C745EC300CA8196 /* Info.plist */ = {isa = PBXFileReference; lastKnownFileType = text.plist.xml; path = Info.plist; sourceTree = "<group>"; };
		F35F85421C745F2D00CA8196 /* CalculatorBrain.swift */ = {isa = PBXFileReference; fileEncoding = 4; lastKnownFileType = sourcecode.swift; path = CalculatorBrain.swift; sourceTree = "<group>"; };
/* End PBXFileReference section */

/* Begin PBXFrameworksBuildPhase section */
		F35F850E1C745EC300CA8196 /* Frameworks */ = {
			isa = PBXFrameworksBuildPhase;
			buildActionMask = 2147483647;
			files = (
			);
			runOnlyForDeploymentPostprocessing = 0;
		};
		F35F85221C745EC300CA8196 /* Frameworks */ = {
			isa = PBXFrameworksBuildPhase;
			buildActionMask = 2147483647;
			files = (
			);
			runOnlyForDeploymentPostprocessing = 0;
		};
		F35F852D1C745EC300CA8196 /* Frameworks */ = {
			isa = PBXFrameworksBuildPhase;
			buildActionMask = 2147483647;
			files = (
			);
			runOnlyForDeploymentPostprocessing = 0;
		};
/* End PBXFrameworksBuildPhase section */

/* Begin PBXGroup section */
		F35F85081C745EC300CA8196 = {
			isa = PBXGroup;
			children = (
				F35F85131C745EC300CA8196 /* CalcT */,
				F35F85281C745EC300CA8196 /* CalcTTests */,
				F35F85331C745EC300CA8196 /* CalcTUITests */,
				F35F85121C745EC300CA8196 /* Products */,
			);
			sourceTree = "<group>";
		};
		F35F85121C745EC300CA8196 /* Products */ = {
			isa = PBXGroup;
			children = (
				F35F85111C745EC300CA8196 /* CalcT.app */,
				F35F85251C745EC300CA8196 /* CalcTTests.xctest */,
				F35F85301C745EC300CA8196 /* CalcTUITests.xctest */,
			);
			name = Products;
			sourceTree = "<group>";
		};
		F35F85131C745EC300CA8196 /* CalcT */ = {
			isa = PBXGroup;
			children = (
				F35F85141C745EC300CA8196 /* AppDelegate.swift */,
				F35F85161C745EC300CA8196 /* ViewController.swift */,
				F35F85421C745F2D00CA8196 /* CalculatorBrain.swift */,
				F35F85181C745EC300CA8196 /* Main.storyboard */,
				F35F851B1C745EC300CA8196 /* Assets.xcassets */,
				F35F851D1C745EC300CA8196 /* LaunchScreen.storyboard */,
				F35F85201C745EC300CA8196 /* Info.plist */,
			);
			path = CalcT;
			sourceTree = "<group>";
		};
		F35F85281C745EC300CA8196 /* CalcTTests */ = {
			isa = PBXGroup;
			children = (
				F35F85291C745EC300CA8196 /* CalcTTests.swift */,
				F35F852B1C745EC300CA8196 /* Info.plist */,
			);
			path = CalcTTests;
			sourceTree = "<group>";
		};
		F35F85331C745EC300CA8196 /* CalcTUITests */ = {
			isa = PBXGroup;
			children = (
				F35F85341C745EC300CA8196 /* CalcTUITests.swift */,
				F35F85361C745EC300CA8196 /* Info.plist */,
			);
			path = CalcTUITests;
			sourceTree = "<group>";
		};
/* End PBXGroup section */

/* Begin PBXNativeTarget section */
		F35F85101C745EC300CA8196 /* CalcT */ = {
			isa = PBXNativeTarget;
			buildConfigurationList = F35F85391C745EC300CA8196 /* Build configuration list for PBXNativeTarget "CalcT" */;
			buildPhases = (
				F35F850D1C745EC300CA8196 /* Sources */,
				F35F850E1C745EC300CA8196 /* Frameworks */,
				F35F850F1C745EC300CA8196 /* Resources */,
			);
			buildRules = (
			);
			dependencies = (
			);
			name = CalcT;
			productName = CalcT;
			productReference = F35F85111C745EC300CA8196 /* CalcT.app */;
			productType = "com.apple.product-type.application";
		};
		F35F85241C745EC300CA8196 /* CalcTTests */ = {
			isa = PBXNativeTarget;
			buildConfigurationList = F35F853C1C745EC300CA8196 /* Build configuration list for PBXNativeTarget "CalcTTests" */;
			buildPhases = (
				F35F85211C745EC300CA8196 /* Sources */,
				F35F85221C745EC300CA8196 /* Frameworks */,
				F35F85231C745EC300CA8196 /* Resources */,
			);
			buildRules = (
			);
			dependencies = (
				F35F85271C745EC300CA8196 /* PBXTargetDependency */,
			);
			name = CalcTTests;
			productName = CalcTTests;
			productReference = F35F85251C745EC300CA8196 /* CalcTTests.xctest */;
			productType = "com.apple.product-type.bundle.unit-test";
		};
		F35F852F1C745EC300CA8196 /* CalcTUITests */ = {
			isa = PBXNativeTarget;
			buildConfigurationList = F35F853F1C745EC300CA8196 /* Build configuration list for PBXNativeTarget "CalcTUITests" */;
			buildPhases = (
				F35F852C1C745EC300CA8196 /* Sources */,
				F35F852D1C745EC300CA8196 /* Frameworks */,
				F35F852E1C745EC300CA8196 /* Resources */,
			);
			buildRules = (
			);
			dependencies = (
				F35F85321C745EC300CA8196 /* PBXTargetDependency */,
			);
			name = CalcTUITests;
			productName = CalcTUITests;
			productReference = F35F85301C745EC300CA8196 /* CalcTUITests.xctest */;
			productType = "com.apple.product-type.bundle.ui-testing";
		};
/* End PBXNativeTarget section */

/* Begin PBXProject section */
		F35F85091C745EC300CA8196 /* Project object */ = {
			isa = PBXProject;
			attributes = {
				LastSwiftUpdateCheck = 0720;
				LastUpgradeCheck = 0720;
				ORGANIZATIONNAME = "Ethan Zhai";
				TargetAttributes = {
					F35F85101C745EC300CA8196 = {
						CreatedOnToolsVersion = 7.2.1;
						DevelopmentTeam = 52ZXUL4T2U;
					};
					F35F85241C745EC300CA8196 = {
						CreatedOnToolsVersion = 7.2.1;
						DevelopmentTeam = 52ZXUL4T2U;
						TestTargetID = F35F85101C745EC300CA8196;
					};
					F35F852F1C745EC300CA8196 = {
						CreatedOnToolsVersion = 7.2.1;
						DevelopmentTeam = 52ZXUL4T2U;
						TestTargetID = F35F85101C745EC300CA8196;
					};
				};
			};
			buildConfigurationList = F35F850C1C745EC300CA8196 /* Build configuration list for PBXProject "CalcT" */;
			compatibilityVersion = "Xcode 3.2";
			developmentRegion = English;
			hasScannedForEncodings = 0;
			knownRegions = (
				en,
				Base,
			);
			mainGroup = F35F85081C745EC300CA8196;
			productRefGroup = F35F85121C745EC300CA8196 /* Products */;
			projectDirPath = "";
			projectRoot = "";
			targets = (
				F35F85101C745EC300CA8196 /* CalcT */,
				F35F85241C745EC300CA8196 /* CalcTTests */,
				F35F852F1C745EC300CA8196 /* CalcTUITests */,
			);
		};
/* End PBXProject section */

/* Begin PBXResourcesBuildPhase section */
		F35F850F1C745EC300CA8196 /* Resources */ = {
			isa = PBXResourcesBuildPhase;
			buildActionMask = 2147483647;
			files = (
				F35F851F1C745EC300CA8196 /* LaunchScreen.storyboard in Resources */,
				F35F851C1C745EC300CA8196 /* Assets.xcassets in Resources */,
				F35F851A1C745EC300CA8196 /* Main.storyboard in Resources */,
			);
			runOnlyForDeploymentPostprocessing = 0;
		};
		F35F85231C745EC300CA8196 /* Resources */ = {
			isa = PBXResourcesBuildPhase;
			buildActionMask = 2147483647;
			files = (
			);
			runOnlyForDeploymentPostprocessing = 0;
		};
		F35F852E1C745EC300CA8196 /* Resources */ = {
			isa = PBXResourcesBuildPhase;
			buildActionMask = 2147483647;
			files = (
			);
			runOnlyForDeploymentPostprocessing = 0;
		};
/* End PBXResourcesBuildPhase section */

/* Begin PBXSourcesBuildPhase section */
		F35F850D1C745EC300CA8196 /* Sources */ = {
			isa = PBXSourcesBuildPhase;
			buildActionMask = 2147483647;
			files = (
				F35F85431C745F2D00CA8196 /* CalculatorBrain.swift in Sources */,
				F35F85171C745EC300CA8196 /* ViewController.swift in Sources */,
				F35F85151C745EC300CA8196 /* AppDelegate.swift in Sources */,
			);
			runOnlyForDeploymentPostprocessing = 0;
		};
		F35F85211C745EC300CA8196 /* Sources */ = {
			isa = PBXSourcesBuildPhase;
			buildActionMask = 2147483647;
			files = (
				F35F852A1C745EC300CA8196 /* CalcTTests.swift in Sources */,
			);
			runOnlyForDeploymentPostprocessing = 0;
		};
		F35F852C1C745EC300CA8196 /* Sources */ = {
			isa = PBXSourcesBuildPhase;
			buildActionMask = 2147483647;
			files = (
				F35F85351C745EC300CA8196 /* CalcTUITests.swift in Sources */,
			);
			runOnlyForDeploymentPostprocessing = 0;
		};
/* End PBXSourcesBuildPhase section */

/* Begin PBXTargetDependency section */
		F35F85271C745EC300CA8196 /* PBXTargetDependency */ = {
			isa = PBXTargetDependency;
			target = F35F85101C745EC300CA8196 /* CalcT */;
			targetProxy = F35F85261C745EC300CA8196 /* PBXContainerItemProxy */;
		};
		F35F85321C745EC300CA8196 /* PBXTargetDependency */ = {
			isa = PBXTargetDependency;
			target = F35F85101C745EC300CA8196 /* CalcT */;
			targetProxy = F35F85311C745EC300CA8196 /* PBXContainerItemProxy */;
		};
/* End PBXTargetDependency section */

/* Begin PBXVariantGroup section */
		F35F85181C745EC300CA8196 /* Main.storyboard */ = {
			isa = PBXVariantGroup;
			children = (
				F35F85191C745EC300CA8196 /* Base */,
			);
			name = Main.storyboard;
			sourceTree = "<group>";
		};
		F35F851D1C745EC300CA8196 /* LaunchScreen.storyboard */ = {
			isa = PBXVariantGroup;
			children = (
				F35F851E1C745EC300CA8196 /* Base */,
			);
			name = LaunchScreen.storyboard;
			sourceTree = "<group>";
		};
/* End PBXVariantGroup section */

/* Begin XCBuildConfiguration section */
		F35F85371C745EC300CA8196 /* Debug */ = {
			isa = XCBuildConfiguration;
			buildSettings = {
				ALWAYS_SEARCH_USER_PATHS = NO;
				CLANG_CXX_LANGUAGE_STANDARD = "gnu++0x";
				CLANG_CXX_LIBRARY = "libc++";
				CLANG_ENABLE_MODULES = YES;
				CLANG_ENABLE_OBJC_ARC = YES;
				CLANG_WARN_BOOL_CONVERSION = YES;
				CLANG_WARN_CONSTANT_CONVERSION = YES;
				CLANG_WARN_DIRECT_OBJC_ISA_USAGE = YES_ERROR;
				CLANG_WARN_EMPTY_BODY = YES;
				CLANG_WARN_ENUM_CONVERSION = YES;
				CLANG_WARN_INT_CONVERSION = YES;
				CLANG_WARN_OBJC_ROOT_CLASS = YES_ERROR;
				CLANG_WARN_UNREACHABLE_CODE = YES;
				CLANG_WARN__DUPLICATE_METHOD_MATCH = YES;
				"CODE_SIGN_IDENTITY[sdk=iphoneos*]" = "iPhone Developer";
				COPY_PHASE_STRIP = NO;
				DEBUG_INFORMATION_FORMAT = dwarf;
				ENABLE_STRICT_OBJC_MSGSEND = YES;
				ENABLE_TESTABILITY = YES;
				GCC_C_LANGUAGE_STANDARD = gnu99;
				GCC_DYNAMIC_NO_PIC = NO;
				GCC_NO_COMMON_BLOCKS = YES;
				GCC_OPTIMIZATION_LEVEL = 0;
				GCC_PREPROCESSOR_DEFINITIONS = (
					"DEBUG=1",
					"$(inherited)",
				);
				GCC_WARN_64_TO_32_BIT_CONVERSION = YES;
				GCC_WARN_ABOUT_RETURN_TYPE = YES_ERROR;
				GCC_WARN_UNDECLARED_SELECTOR = YES;
				GCC_WARN_UNINITIALIZED_AUTOS = YES_AGGRESSIVE;
				GCC_WARN_UNUSED_FUNCTION = YES;
				GCC_WARN_UNUSED_VARIABLE = YES;
				IPHONEOS_DEPLOYMENT_TARGET = 7.1;
				MTL_ENABLE_DEBUG_INFO = YES;
				ONLY_ACTIVE_ARCH = YES;
				SDKROOT = iphoneos9.2;
				SWIFT_OPTIMIZATION_LEVEL = "-Onone";
				TARGETED_DEVICE_FAMILY = "1,2";
			};
			name = Debug;
		};
		F35F85381C745EC300CA8196 /* Release */ = {
			isa = XCBuildConfiguration;
			buildSettings = {
				ALWAYS_SEARCH_USER_PATHS = NO;
				CLANG_CXX_LANGUAGE_STANDARD = "gnu++0x";
				CLANG_CXX_LIBRARY = "libc++";
				CLANG_ENABLE_MODULES = YES;
				CLANG_ENABLE_OBJC_ARC = YES;
				CLANG_WARN_BOOL_CONVERSION = YES;
				CLANG_WARN_CONSTANT_CONVERSION = YES;
				CLANG_WARN_DIRECT_OBJC_ISA_USAGE = YES_ERROR;
				CLANG_WARN_EMPTY_BODY = YES;
				CLANG_WARN_ENUM_CONVERSION = YES;
				CLANG_WARN_INT_CONVERSION = YES;
				CLANG_WARN_OBJC_ROOT_CLASS = YES_ERROR;
				CLANG_WARN_UNREACHABLE_CODE = YES;
				CLANG_WARN__DUPLICATE_METHOD_MATCH = YES;
				"CODE_SIGN_IDENTITY[sdk=iphoneos*]" = "iPhone Developer";
				COPY_PHASE_STRIP = NO;
				DEBUG_INFORMATION_FORMAT = "dwarf-with-dsym";
				ENABLE_NS_ASSERTIONS = NO;
				ENABLE_STRICT_OBJC_MSGSEND = YES;
				GCC_C_LANGUAGE_STANDARD = gnu99;
				GCC_NO_COMMON_BLOCKS = YES;
				GCC_WARN_64_TO_32_BIT_CONVERSION = YES;
				GCC_WARN_ABOUT_RETURN_TYPE = YES_ERROR;
				GCC_WARN_UNDECLARED_SELECTOR = YES;
				GCC_WARN_UNINITIALIZED_AUTOS = YES_AGGRESSIVE;
				GCC_WARN_UNUSED_FUNCTION = YES;
				GCC_WARN_UNUSED_VARIABLE = YES;
				IPHONEOS_DEPLOYMENT_TARGET = 7.1;
				MTL_ENABLE_DEBUG_INFO = NO;
				SDKROOT = iphoneos9.2;
				TARGETED_DEVICE_FAMILY = "1,2";
				VALIDATE_PRODUCT = YES;
			};
			name = Release;
		};
		F35F853A1C745EC300CA8196 /* Debug */ = {
			isa = XCBuildConfiguration;
			buildSettings = {
				ASSETCATALOG_COMPILER_APPICON_NAME = AppIcon;
				INFOPLIST_FILE = CalcT/Info.plist;
				LD_RUNPATH_SEARCH_PATHS = "$(inherited) @executable_path/Frameworks";
				PRODUCT_BUNDLE_IDENTIFIER = EtZ.CalcT;
				PRODUCT_NAME = "$(TARGET_NAME)";
			};
			name = Debug;
		};
		F35F853B1C745EC300CA8196 /* Release */ = {
			isa = XCBuildConfiguration;
			buildSettings = {
				ASSETCATALOG_COMPILER_APPICON_NAME = AppIcon;
				INFOPLIST_FILE = CalcT/Info.plist;
				LD_RUNPATH_SEARCH_PATHS = "$(inherited) @executable_path/Frameworks";
				PRODUCT_BUNDLE_IDENTIFIER = EtZ.CalcT;
				PRODUCT_NAME = "$(TARGET_NAME)";
			};
			name = Release;
		};
		F35F853D1C745EC300CA8196 /* Debug */ = {
			isa = XCBuildConfiguration;
			buildSettings = {
				BUNDLE_LOADER = "$(TEST_HOST)";
				INFOPLIST_FILE = CalcTTests/Info.plist;
				LD_RUNPATH_SEARCH_PATHS = "$(inherited) @executable_path/Frameworks @loader_path/Frameworks";
				PRODUCT_BUNDLE_IDENTIFIER = EtZ.CalcTTests;
				PRODUCT_NAME = "$(TARGET_NAME)";
				TEST_HOST = "$(BUILT_PRODUCTS_DIR)/CalcT.app/CalcT";
			};
			name = Debug;
		};
		F35F853E1C745EC300CA8196 /* Release */ = {
			isa = XCBuildConfiguration;
			buildSettings = {
				BUNDLE_LOADER = "$(TEST_HOST)";
				INFOPLIST_FILE = CalcTTests/Info.plist;
				LD_RUNPATH_SEARCH_PATHS = "$(inherited) @executable_path/Frameworks @loader_path/Frameworks";
				PRODUCT_BUNDLE_IDENTIFIER = EtZ.CalcTTests;
				PRODUCT_NAME = "$(TARGET_NAME)";
				TEST_HOST = "$(BUILT_PRODUCTS_DIR)/CalcT.app/CalcT";
			};
			name = Release;
		};
		F35F85401C745EC300CA8196 /* Debug */ = {
			isa = XCBuildConfiguration;
			buildSettings = {
				INFOPLIST_FILE = CalcTUITests/Info.plist;
				LD_RUNPATH_SEARCH_PATHS = "$(inherited) @executable_path/Frameworks @loader_path/Frameworks";
				PRODUCT_BUNDLE_IDENTIFIER = EtZ.CalcTUITests;
				PRODUCT_NAME = "$(TARGET_NAME)";
				TEST_TARGET_NAME = CalcT;
				USES_XCTRUNNER = YES;
			};
			name = Debug;
		};
		F35F85411C745EC300CA8196 /* Release */ = {
			isa = XCBuildConfiguration;
			buildSettings = {
				INFOPLIST_FILE = CalcTUITests/Info.plist;
				LD_RUNPATH_SEARCH_PATHS = "$(inherited) @executable_path/Frameworks @loader_path/Frameworks";
				PRODUCT_BUNDLE_IDENTIFIER = EtZ.CalcTUITests;
				PRODUCT_NAME = "$(TARGET_NAME)";
				TEST_TARGET_NAME = CalcT;
				USES_XCTRUNNER = YES;
			};
			name = Release;
		};
/* End XCBuildConfiguration section */

/* Begin XCConfigurationList section */
		F35F850C1C745EC300CA8196 /* Build configuration list for PBXProject "CalcT" */ = {
			isa = XCConfigurationList;
			buildConfigurations = (
				F35F85371C745EC300CA8196 /* Debug */,
				F35F85381C745EC300CA8196 /* Release */,
			);
			defaultConfigurationIsVisible = 0;
			defaultConfigurationName = Release;
		};
		F35F85391C745EC300CA8196 /* Build configuration list for PBXNativeTarget "CalcT" */ = {
			isa = XCConfigurationList;
			buildConfigurations = (
				F35F853A1C745EC300CA8196 /* Debug */,
				F35F853B1C745EC300CA8196 /* Release */,
			);
			defaultConfigurationIsVisible = 0;
			defaultConfigurationName = Release;
		};
		F35F853C1C745EC300CA8196 /* Build configuration list for PBXNativeTarget "CalcTTests" */ = {
			isa = XCConfigurationList;
			buildConfigurations = (
				F35F853D1C745EC300CA8196 /* Debug */,
				F35F853E1C745EC300CA8196 /* Release */,
			);
			defaultConfigurationIsVisible = 0;
			defaultConfigurationName = Release;
		};
		F35F853F1C745EC300CA8196 /* Build configuration list for PBXNativeTarget "CalcTUITests" */ = {
			isa = XCConfigurationList;
			buildConfigurations = (
				F35F85401C745EC300CA8196 /* Debug */,
				F35F85411C745EC300CA8196 /* Release */,
			);
			defaultConfigurationIsVisible = 0;
			defaultConfigurationName = Release;
		};
/* End XCConfigurationList section */
	};
	rootObject = F35F85091C745EC300CA8196 /* Project object */;
}
